
Microsoft Visual Studio Solution File, Format Version 12.00
# Visual Studio Version 17
VisualStudioVersion = 17.6.33829.357
MinimumVisualStudioVersion = 10.0.40219.1
Project("{2150E333-8FDC-42A3-9474-1A3956D46DE8}") = "Core", "Core", "{88139459-A80D-41F6-BD2C-1B1B47957D29}"
EndProject
Project("{9A19103F-16F7-4668-BE54-9A1E7A4F7556}") = "Chess.Domain", "Chess.Domain\Chess.Domain.csproj", "{A80024CE-E9B5-4E9F-9AEA-6C50CF65867C}"
EndProject
Project("{2150E333-8FDC-42A3-9474-1A3956D46DE8}") = "Presintation", "Presintation", "{C004D8AC-394E-4D50-AC40-9B274E85A267}"
EndProject
Project("{9A19103F-16F7-4668-BE54-9A1E7A4F7556}") = "Chess.Desktop", "Chess.Desktop\Chess.Desktop.csproj", "{7BA85488-CEBA-4055-AEA6-877FB34A8F31}"
EndProject
Project("{2150E333-8FDC-42A3-9474-1A3956D46DE8}") = "Infrastructure", "Infrastructure", "{4D469339-1246-416A-A9EC-5561D846AFF8}"
EndProject
Project("{9A19103F-16F7-4668-BE54-9A1E7A4F7556}") = "Chess.WebUI", "Chess.WebUI\Chess.WebUI.csproj", "{E4D6A3FE-2BD8-4661-A618-D0E18FF07699}"
EndProject
Global
	GlobalSection(SolutionConfigurationPlatforms) = preSolution
		Debug|Any CPU = Debug|Any CPU
		Release|Any CPU = Release|Any CPU
	EndGlobalSection
	GlobalSection(ProjectConfigurationPlatforms) = postSolution
		{A80024CE-E9B5-4E9F-9AEA-6C50CF65867C}.Debug|Any CPU.ActiveCfg = Debug|Any CPU
		{A80024CE-E9B5-4E9F-9AEA-6C50CF65867C}.Debug|Any CPU.Build.0 = Debug|Any CPU
		{A80024CE-E9B5-4E9F-9AEA-6C50CF65867C}.Release|Any CPU.ActiveCfg = Release|Any CPU
		{A80024CE-E9B5-4E9F-9AEA-6C50CF65867C}.Release|Any CPU.Build.0 = Release|Any CPU
		{7BA85488-CEBA-4055-AEA6-877FB34A8F31}.Debug|Any CPU.ActiveCfg = Debug|Any CPU
		{7BA85488-CEBA-4055-AEA6-877FB34A8F31}.Debug|Any CPU.Build.0 = Debug|Any CPU
		{7BA85488-CEBA-4055-AEA6-877FB34A8F31}.Release|Any CPU.ActiveCfg = Release|Any CPU
		{7BA85488-CEBA-4055-AEA6-877FB34A8F31}.Release|Any CPU.Build.0 = Release|Any CPU
		{E4D6A3FE-2BD8-4661-A618-D0E18FF07699}.Debug|Any CPU.ActiveCfg = Debug|Any CPU
		{E4D6A3FE-2BD8-4661-A618-D0E18FF07699}.Debug|Any CPU.Build.0 = Debug|Any CPU
		{E4D6A3FE-2BD8-4661-A618-D0E18FF07699}.Release|Any CPU.ActiveCfg = Release|Any CPU
		{E4D6A3FE-2BD8-4661-A618-D0E18FF07699}.Release|Any CPU.Build.0 = Release|Any CPU
	EndGlobalSection
	GlobalSection(SolutionProperties) = preSolution
		HideSolutionNode = FALSE
	EndGlobalSection
	GlobalSection(NestedProjects) = preSolution
		{A80024CE-E9B5-4E9F-9AEA-6C50CF65867C} = {88139459-A80D-41F6-BD2C-1B1B47957D29}
		{7BA85488-CEBA-4055-AEA6-877FB34A8F31} = {C004D8AC-394E-4D50-AC40-9B274E85A267}
		{E4D6A3FE-2BD8-4661-A618-D0E18FF07699} = {C004D8AC-394E-4D50-AC40-9B274E85A267}
	EndGlobalSection
	GlobalSection(ExtensibilityGlobals) = postSolution
		SolutionGuid = {0AE747A2-3E13-4FDF-BA8F-F8E316205A22}
	EndGlobalSection
EndGlobal
